
Microsoft Visual Studio Solution File, Format Version 12.00
# Visual Studio Version 17
VisualStudioVersion = 17.8.34309.116
MinimumVisualStudioVersion = 10.0.40219.1
Project("{FAE04EC0-301F-11D3-BF4B-00C04F79EFBC}") = "VM-Tools-Install", "VM-Tools-Install\VM-Tools-Install.csproj", "{C332510A-DDCE-4404-9E65-50C929C3F24B}"
EndProject
Global
	GlobalSection(SolutionConfigurationPlatforms) = preSolution
		Debug|Any CPU = Debug|Any CPU
		Release|Any CPU = Release|Any CPU
	EndGlobalSection
	GlobalSection(ProjectConfigurationPlatforms) = postSolution
		{C332510A-DDCE-4404-9E65-50C929C3F24B}.Debug|Any CPU.ActiveCfg = Debug|Any CPU
		{C332510A-DDCE-4404-9E65-50C929C3F24B}.Debug|Any CPU.Build.0 = Debug|Any CPU
		{C332510A-DDCE-4404-9E65-50C929C3F24B}.Release|Any CPU.ActiveCfg = Release|Any CPU
		{C332510A-DDCE-4404-9E65-50C929C3F24B}.Release|Any CPU.Build.0 = Release|Any CPU
	EndGlobalSection
	GlobalSection(SolutionProperties) = preSolution
		HideSolutionNode = FALSE
	EndGlobalSection
	GlobalSection(ExtensibilityGlobals) = postSolution
		SolutionGuid = {E388A4F6-BDA4-4F89-B8C2-022CD36B93E3}
	EndGlobalSection
EndGlobal
